{
  "name": "kabarvirus",
  "version": "1.0.0",
  "lockfileVersion": 1,
  "requires": true,
  "dependencies": {
    "prettier": {
      "version": "2.0.4",
      "resolved": "https://registry.npmjs.org/prettier/-/prettier-2.0.4.tgz",
      "integrity": "sha512-SVJIQ51spzFDvh4fIbCLvciiDMCrRhlN3mbZvv/+ycjvmF5E73bKdGfU8QDLNmjYJf+lsGnDBC4UUnvTe5OO0w==",
      "dev": true
    }
  }
}
